
Microsoft Visual Studio Solution File, Format Version 12.00
# Visual Studio Version 17
VisualStudioVersion = 17.4.33213.308
MinimumVisualStudioVersion = 10.0.40219.1
Project("{8BC9CEB8-8B4A-11D0-8D11-00A0C91BC942}") = "IntroductionOOP", "IntroductionToOOP\IntroductionOOP.vcxproj", "{E722236F-122A-47C1-B38D-36EE8A93C66E}"
EndProject
Project("{8BC9CEB8-8B4A-11D0-8D11-00A0C91BC942}") = "FRACTION_2", "FRACTION_2\FRACTION_2.vcxproj", "{2FDB461B-1E65-45ED-B9B3-53B02DDBADDA}"
EndProject
Project("{8BC9CEB8-8B4A-11D0-8D11-00A0C91BC942}") = "STRING", "STRING\STRING\STRING.vcxproj", "{45DB146C-D832-4E1C-A579-92473F48D80B}"
EndProject
Global
	GlobalSection(SolutionConfigurationPlatforms) = preSolution
		Debug|x64 = Debug|x64
		Debug|x86 = Debug|x86
		Release|x64 = Release|x64
		Release|x86 = Release|x86
	EndGlobalSection
	GlobalSection(ProjectConfigurationPlatforms) = postSolution
		{E722236F-122A-47C1-B38D-36EE8A93C66E}.Debug|x64.ActiveCfg = Debug|x64
		{E722236F-122A-47C1-B38D-36EE8A93C66E}.Debug|x64.Build.0 = Debug|x64
		{E722236F-122A-47C1-B38D-36EE8A93C66E}.Debug|x86.ActiveCfg = Debug|Win32
		{E722236F-122A-47C1-B38D-36EE8A93C66E}.Debug|x86.Build.0 = Debug|Win32
		{E722236F-122A-47C1-B38D-36EE8A93C66E}.Release|x64.ActiveCfg = Release|x64
		{E722236F-122A-47C1-B38D-36EE8A93C66E}.Release|x64.Build.0 = Release|x64
		{E722236F-122A-47C1-B38D-36EE8A93C66E}.Release|x86.ActiveCfg = Release|Win32
		{E722236F-122A-47C1-B38D-36EE8A93C66E}.Release|x86.Build.0 = Release|Win32
		{2FDB461B-1E65-45ED-B9B3-53B02DDBADDA}.Debug|x64.ActiveCfg = Debug|x64
		{2FDB461B-1E65-45ED-B9B3-53B02DDBADDA}.Debug|x64.Build.0 = Debug|x64
		{2FDB461B-1E65-45ED-B9B3-53B02DDBADDA}.Debug|x86.ActiveCfg = Debug|Win32
		{2FDB461B-1E65-45ED-B9B3-53B02DDBADDA}.Debug|x86.Build.0 = Debug|Win32
		{2FDB461B-1E65-45ED-B9B3-53B02DDBADDA}.Release|x64.ActiveCfg = Release|x64
		{2FDB461B-1E65-45ED-B9B3-53B02DDBADDA}.Release|x64.Build.0 = Release|x64
		{2FDB461B-1E65-45ED-B9B3-53B02DDBADDA}.Release|x86.ActiveCfg = Release|Win32
		{2FDB461B-1E65-45ED-B9B3-53B02DDBADDA}.Release|x86.Build.0 = Release|Win32
		{45DB146C-D832-4E1C-A579-92473F48D80B}.Debug|x64.ActiveCfg = Debug|x64
		{45DB146C-D832-4E1C-A579-92473F48D80B}.Debug|x64.Build.0 = Debug|x64
		{45DB146C-D832-4E1C-A579-92473F48D80B}.Debug|x86.ActiveCfg = Debug|Win32
		{45DB146C-D832-4E1C-A579-92473F48D80B}.Debug|x86.Build.0 = Debug|Win32
		{45DB146C-D832-4E1C-A579-92473F48D80B}.Release|x64.ActiveCfg = Release|x64
		{45DB146C-D832-4E1C-A579-92473F48D80B}.Release|x64.Build.0 = Release|x64
		{45DB146C-D832-4E1C-A579-92473F48D80B}.Release|x86.ActiveCfg = Release|Win32
		{45DB146C-D832-4E1C-A579-92473F48D80B}.Release|x86.Build.0 = Release|Win32
	EndGlobalSection
	GlobalSection(SolutionProperties) = preSolution
		HideSolutionNode = FALSE
	EndGlobalSection
	GlobalSection(ExtensibilityGlobals) = postSolution
		SolutionGuid = {50599119-14D0-4323-9749-31CDC93AC6FF}
	EndGlobalSection
EndGlobal
